
Microsoft Visual Studio Solution File, Format Version 12.00
# Visual Studio Version 16
VisualStudioVersion = 16.0.29519.181
MinimumVisualStudioVersion = 10.0.40219.1
Project("{FAE04EC0-301F-11D3-BF4B-00C04F79EFBC}") = "RabbitMqClient", "RabbitMqClient\RabbitMqClient.csproj", "{3CE9E56A-145A-427C-B57B-12D882F1CBDB}"
EndProject
Project("{FAE04EC0-301F-11D3-BF4B-00C04F79EFBC}") = "RabbitMqWork", "RzbbitMqWork\RabbitMqWork.csproj", "{FF11B4F6-F9CE-4DBB-A9E0-D6A872BA75D4}"
EndProject
Global
	GlobalSection(SolutionConfigurationPlatforms) = preSolution
		Debug|Any CPU = Debug|Any CPU
		Release|Any CPU = Release|Any CPU
	EndGlobalSection
	GlobalSection(ProjectConfigurationPlatforms) = postSolution
		{3CE9E56A-145A-427C-B57B-12D882F1CBDB}.Debug|Any CPU.ActiveCfg = Debug|Any CPU
		{3CE9E56A-145A-427C-B57B-12D882F1CBDB}.Debug|Any CPU.Build.0 = Debug|Any CPU
		{3CE9E56A-145A-427C-B57B-12D882F1CBDB}.Release|Any CPU.ActiveCfg = Release|Any CPU
		{3CE9E56A-145A-427C-B57B-12D882F1CBDB}.Release|Any CPU.Build.0 = Release|Any CPU
		{FF11B4F6-F9CE-4DBB-A9E0-D6A872BA75D4}.Debug|Any CPU.ActiveCfg = Debug|Any CPU
		{FF11B4F6-F9CE-4DBB-A9E0-D6A872BA75D4}.Debug|Any CPU.Build.0 = Debug|Any CPU
		{FF11B4F6-F9CE-4DBB-A9E0-D6A872BA75D4}.Release|Any CPU.ActiveCfg = Release|Any CPU
		{FF11B4F6-F9CE-4DBB-A9E0-D6A872BA75D4}.Release|Any CPU.Build.0 = Release|Any CPU
	EndGlobalSection
	GlobalSection(SolutionProperties) = preSolution
		HideSolutionNode = FALSE
	EndGlobalSection
	GlobalSection(ExtensibilityGlobals) = postSolution
		SolutionGuid = {107216A4-E483-46F6-B2A6-63CA73FD9AEE}
	EndGlobalSection
EndGlobal
